<<<<<<<< HEAD:microsoftTutorials/BlazorData/MovieApp.sln
﻿
Microsoft Visual Studio Solution File, Format Version 12.00
# Visual Studio Version 17
VisualStudioVersion = 17.0.31903.59
MinimumVisualStudioVersion = 10.0.40219.1
Project("{FAE04EC0-301F-11D3-BF4B-00C04F79EFBC}") = "MovieApp", "MovieApp\MovieApp.csproj", "{8D054FAB-7302-40BE-9393-AC45B9310D93}"
EndProject
Global
	GlobalSection(SolutionConfigurationPlatforms) = preSolution
		Debug|Any CPU = Debug|Any CPU
		Release|Any CPU = Release|Any CPU
	EndGlobalSection
	GlobalSection(SolutionProperties) = preSolution
		HideSolutionNode = FALSE
	EndGlobalSection
	GlobalSection(ProjectConfigurationPlatforms) = postSolution
		{8D054FAB-7302-40BE-9393-AC45B9310D93}.Debug|Any CPU.ActiveCfg = Debug|Any CPU
		{8D054FAB-7302-40BE-9393-AC45B9310D93}.Debug|Any CPU.Build.0 = Debug|Any CPU
		{8D054FAB-7302-40BE-9393-AC45B9310D93}.Release|Any CPU.ActiveCfg = Release|Any CPU
		{8D054FAB-7302-40BE-9393-AC45B9310D93}.Release|Any CPU.Build.0 = Release|Any CPU
	EndGlobalSection
EndGlobal
========
﻿
Microsoft Visual Studio Solution File, Format Version 12.00
# Visual Studio Version 17
VisualStudioVersion = 17.5.002.0
MinimumVisualStudioVersion = 10.0.40219.1
Project("{9A19103F-16F7-4668-BE54-9A1E7A4F7556}") = "webApi", "webApi.csproj", "{26CC9A0D-C867-41AD-B4DE-05E0D24B7CB7}"
EndProject
Global
	GlobalSection(SolutionConfigurationPlatforms) = preSolution
		Debug|Any CPU = Debug|Any CPU
		Release|Any CPU = Release|Any CPU
	EndGlobalSection
	GlobalSection(ProjectConfigurationPlatforms) = postSolution
		{26CC9A0D-C867-41AD-B4DE-05E0D24B7CB7}.Debug|Any CPU.ActiveCfg = Debug|Any CPU
		{26CC9A0D-C867-41AD-B4DE-05E0D24B7CB7}.Debug|Any CPU.Build.0 = Debug|Any CPU
		{26CC9A0D-C867-41AD-B4DE-05E0D24B7CB7}.Release|Any CPU.ActiveCfg = Release|Any CPU
		{26CC9A0D-C867-41AD-B4DE-05E0D24B7CB7}.Release|Any CPU.Build.0 = Release|Any CPU
	EndGlobalSection
	GlobalSection(SolutionProperties) = preSolution
		HideSolutionNode = FALSE
	EndGlobalSection
	GlobalSection(ExtensibilityGlobals) = postSolution
		SolutionGuid = {89745F2E-CF39-42C1-9681-57D26654F9BE}
	EndGlobalSection
EndGlobal
>>>>>>>> parent of 417af0d (basketball&blazer):microsoftTutorials/webApi/webApi.sln
